
Microsoft Visual Studio Solution File, Format Version 12.00
# Visual Studio Version 17
VisualStudioVersion = 17.0.31903.59
MinimumVisualStudioVersion = 10.0.40219.1
Project("{2150E333-8FDC-42A3-9474-1A3956D46DE8}") = "src", "src", "{62265367-50D2-437E-91C7-07254039B0CC}"
EndProject
Project("{FAE04EC0-301F-11D3-BF4B-00C04F79EFBC}") = "McpServer", "src\McpServer\McpServer.csproj", "{96F89CBF-8D49-47DD-A4E5-324DA89914E3}"
EndProject
Global
	GlobalSection(SolutionConfigurationPlatforms) = preSolution
		Debug|Any CPU = Debug|Any CPU
		Release|Any CPU = Release|Any CPU
	EndGlobalSection
	GlobalSection(SolutionProperties) = preSolution
		HideSolutionNode = FALSE
	EndGlobalSection
	GlobalSection(ProjectConfigurationPlatforms) = postSolution
		{96F89CBF-8D49-47DD-A4E5-324DA89914E3}.Debug|Any CPU.ActiveCfg = Debug|Any CPU
		{96F89CBF-8D49-47DD-A4E5-324DA89914E3}.Debug|Any CPU.Build.0 = Debug|Any CPU
		{96F89CBF-8D49-47DD-A4E5-324DA89914E3}.Release|Any CPU.ActiveCfg = Release|Any CPU
		{96F89CBF-8D49-47DD-A4E5-324DA89914E3}.Release|Any CPU.Build.0 = Release|Any CPU
	EndGlobalSection
	GlobalSection(NestedProjects) = preSolution
		{96F89CBF-8D49-47DD-A4E5-324DA89914E3} = {62265367-50D2-437E-91C7-07254039B0CC}
	EndGlobalSection
EndGlobal
